
Microsoft Visual Studio Solution File, Format Version 12.00
# Visual Studio Version 17
VisualStudioVersion = 17.7.34221.43
MinimumVisualStudioVersion = 10.0.40219.1
Project("{FAE04EC0-301F-11D3-BF4B-00C04F79EFBC}") = "AddresBook.Android", "AddresBook\AddresBook.Android\AddresBook.Android.csproj", "{5BE05B15-6B2A-43C3-BD2E-B40F0FBA87BC}"
EndProject
Project("{FAE04EC0-301F-11D3-BF4B-00C04F79EFBC}") = "AddresBook.iOS", "AddresBook\AddresBook.iOS\AddresBook.iOS.csproj", "{D59D8190-9FD5-4C60-9C15-0E42629AAC24}"
EndProject
Project("{FAE04EC0-301F-11D3-BF4B-00C04F79EFBC}") = "AddresBook", "AddresBook\AddresBook\AddresBook.csproj", "{A193C732-7B71-4C91-BD08-49D509A9965E}"
EndProject
Global
	GlobalSection(SolutionConfigurationPlatforms) = preSolution
		Debug|Any CPU = Debug|Any CPU
		Debug|iPhone = Debug|iPhone
		Debug|iPhoneSimulator = Debug|iPhoneSimulator
		Release|Any CPU = Release|Any CPU
		Release|iPhone = Release|iPhone
		Release|iPhoneSimulator = Release|iPhoneSimulator
	EndGlobalSection
	GlobalSection(ProjectConfigurationPlatforms) = postSolution
		{5BE05B15-6B2A-43C3-BD2E-B40F0FBA87BC}.Debug|Any CPU.ActiveCfg = Debug|Any CPU
		{5BE05B15-6B2A-43C3-BD2E-B40F0FBA87BC}.Debug|Any CPU.Build.0 = Debug|Any CPU
		{5BE05B15-6B2A-43C3-BD2E-B40F0FBA87BC}.Debug|Any CPU.Deploy.0 = Debug|Any CPU
		{5BE05B15-6B2A-43C3-BD2E-B40F0FBA87BC}.Debug|iPhone.ActiveCfg = Debug|Any CPU
		{5BE05B15-6B2A-43C3-BD2E-B40F0FBA87BC}.Debug|iPhone.Build.0 = Debug|Any CPU
		{5BE05B15-6B2A-43C3-BD2E-B40F0FBA87BC}.Debug|iPhone.Deploy.0 = Debug|Any CPU
		{5BE05B15-6B2A-43C3-BD2E-B40F0FBA87BC}.Debug|iPhoneSimulator.ActiveCfg = Debug|Any CPU
		{5BE05B15-6B2A-43C3-BD2E-B40F0FBA87BC}.Debug|iPhoneSimulator.Build.0 = Debug|Any CPU
		{5BE05B15-6B2A-43C3-BD2E-B40F0FBA87BC}.Debug|iPhoneSimulator.Deploy.0 = Debug|Any CPU
		{5BE05B15-6B2A-43C3-BD2E-B40F0FBA87BC}.Release|Any CPU.ActiveCfg = Release|Any CPU
		{5BE05B15-6B2A-43C3-BD2E-B40F0FBA87BC}.Release|Any CPU.Build.0 = Release|Any CPU
		{5BE05B15-6B2A-43C3-BD2E-B40F0FBA87BC}.Release|Any CPU.Deploy.0 = Release|Any CPU
		{5BE05B15-6B2A-43C3-BD2E-B40F0FBA87BC}.Release|iPhone.ActiveCfg = Release|Any CPU
		{5BE05B15-6B2A-43C3-BD2E-B40F0FBA87BC}.Release|iPhone.Build.0 = Release|Any CPU
		{5BE05B15-6B2A-43C3-BD2E-B40F0FBA87BC}.Release|iPhone.Deploy.0 = Release|Any CPU
		{5BE05B15-6B2A-43C3-BD2E-B40F0FBA87BC}.Release|iPhoneSimulator.ActiveCfg = Release|Any CPU
		{5BE05B15-6B2A-43C3-BD2E-B40F0FBA87BC}.Release|iPhoneSimulator.Build.0 = Release|Any CPU
		{5BE05B15-6B2A-43C3-BD2E-B40F0FBA87BC}.Release|iPhoneSimulator.Deploy.0 = Release|Any CPU
		{D59D8190-9FD5-4C60-9C15-0E42629AAC24}.Debug|Any CPU.ActiveCfg = Debug|iPhone
		{D59D8190-9FD5-4C60-9C15-0E42629AAC24}.Debug|Any CPU.Build.0 = Debug|iPhone
		{D59D8190-9FD5-4C60-9C15-0E42629AAC24}.Debug|Any CPU.Deploy.0 = Debug|iPhone
		{D59D8190-9FD5-4C60-9C15-0E42629AAC24}.Debug|iPhone.ActiveCfg = Debug|iPhone
		{D59D8190-9FD5-4C60-9C15-0E42629AAC24}.Debug|iPhone.Build.0 = Debug|iPhone
		{D59D8190-9FD5-4C60-9C15-0E42629AAC24}.Debug|iPhone.Deploy.0 = Debug|iPhone
		{D59D8190-9FD5-4C60-9C15-0E42629AAC24}.Debug|iPhoneSimulator.ActiveCfg = Debug|iPhoneSimulator
		{D59D8190-9FD5-4C60-9C15-0E42629AAC24}.Debug|iPhoneSimulator.Build.0 = Debug|iPhoneSimulator
		{D59D8190-9FD5-4C60-9C15-0E42629AAC24}.Debug|iPhoneSimulator.Deploy.0 = Debug|iPhoneSimulator
		{D59D8190-9FD5-4C60-9C15-0E42629AAC24}.Release|Any CPU.ActiveCfg = Release|iPhoneSimulator
		{D59D8190-9FD5-4C60-9C15-0E42629AAC24}.Release|Any CPU.Build.0 = Release|iPhoneSimulator
		{D59D8190-9FD5-4C60-9C15-0E42629AAC24}.Release|Any CPU.Deploy.0 = Release|iPhoneSimulator
		{D59D8190-9FD5-4C60-9C15-0E42629AAC24}.Release|iPhone.ActiveCfg = Release|iPhone
		{D59D8190-9FD5-4C60-9C15-0E42629AAC24}.Release|iPhone.Build.0 = Release|iPhone
		{D59D8190-9FD5-4C60-9C15-0E42629AAC24}.Release|iPhone.Deploy.0 = Release|iPhone
		{D59D8190-9FD5-4C60-9C15-0E42629AAC24}.Release|iPhoneSimulator.ActiveCfg = Release|iPhoneSimulator
		{D59D8190-9FD5-4C60-9C15-0E42629AAC24}.Release|iPhoneSimulator.Build.0 = Release|iPhoneSimulator
		{D59D8190-9FD5-4C60-9C15-0E42629AAC24}.Release|iPhoneSimulator.Deploy.0 = Release|iPhoneSimulator
		{A193C732-7B71-4C91-BD08-49D509A9965E}.Debug|Any CPU.ActiveCfg = Debug|Any CPU
		{A193C732-7B71-4C91-BD08-49D509A9965E}.Debug|Any CPU.Build.0 = Debug|Any CPU
		{A193C732-7B71-4C91-BD08-49D509A9965E}.Debug|Any CPU.Deploy.0 = Debug|Any CPU
		{A193C732-7B71-4C91-BD08-49D509A9965E}.Debug|iPhone.ActiveCfg = Debug|Any CPU
		{A193C732-7B71-4C91-BD08-49D509A9965E}.Debug|iPhone.Build.0 = Debug|Any CPU
		{A193C732-7B71-4C91-BD08-49D509A9965E}.Debug|iPhone.Deploy.0 = Debug|Any CPU
		{A193C732-7B71-4C91-BD08-49D509A9965E}.Debug|iPhoneSimulator.ActiveCfg = Debug|Any CPU
		{A193C732-7B71-4C91-BD08-49D509A9965E}.Debug|iPhoneSimulator.Build.0 = Debug|Any CPU
		{A193C732-7B71-4C91-BD08-49D509A9965E}.Debug|iPhoneSimulator.Deploy.0 = Debug|Any CPU
		{A193C732-7B71-4C91-BD08-49D509A9965E}.Release|Any CPU.ActiveCfg = Release|Any CPU
		{A193C732-7B71-4C91-BD08-49D509A9965E}.Release|Any CPU.Build.0 = Release|Any CPU
		{A193C732-7B71-4C91-BD08-49D509A9965E}.Release|Any CPU.Deploy.0 = Release|Any CPU
		{A193C732-7B71-4C91-BD08-49D509A9965E}.Release|iPhone.ActiveCfg = Release|Any CPU
		{A193C732-7B71-4C91-BD08-49D509A9965E}.Release|iPhone.Build.0 = Release|Any CPU
		{A193C732-7B71-4C91-BD08-49D509A9965E}.Release|iPhone.Deploy.0 = Release|Any CPU
		{A193C732-7B71-4C91-BD08-49D509A9965E}.Release|iPhoneSimulator.ActiveCfg = Release|Any CPU
		{A193C732-7B71-4C91-BD08-49D509A9965E}.Release|iPhoneSimulator.Build.0 = Release|Any CPU
		{A193C732-7B71-4C91-BD08-49D509A9965E}.Release|iPhoneSimulator.Deploy.0 = Release|Any CPU
	EndGlobalSection
	GlobalSection(SolutionProperties) = preSolution
		HideSolutionNode = FALSE
	EndGlobalSection
	GlobalSection(ExtensibilityGlobals) = postSolution
		SolutionGuid = {3C7DDFBF-E910-4479-B083-069878E43F33}
	EndGlobalSection
EndGlobal
